
Microsoft Visual Studio Solution File, Format Version 12.00
Project("{FAE04EC0-301F-11D3-BF4B-00C04F79EFBC}") = "TrueCode.ApiGateway", "TrueCode.ApiGateway\TrueCode.ApiGateway.csproj", "{D7CFCD16-C61C-44A9-854D-F8EC8F12441F}"
EndProject
Project("{FAE04EC0-301F-11D3-BF4B-00C04F79EFBC}") = "TrueCode.UserService", "TrueCode.UserService\TrueCode.UserService.csproj", "{7AA422C3-FD79-4B5B-8616-0E485859F77D}"
EndProject
Project("{FAE04EC0-301F-11D3-BF4B-00C04F79EFBC}") = "TrueCode.FinanceService", "TrueCode.FinanceService\TrueCode.FinanceService.csproj", "{CC0BE4CA-49ED-46D6-B7DA-B993F1107738}"
EndProject
Project("{FAE04EC0-301F-11D3-BF4B-00C04F79EFBC}") = "TrueCode.Migrations", "TrueCode.Migrations\TrueCode.Migrations.csproj", "{8C4F5A32-1262-4882-84AF-4BB377592746}"
EndProject
Global
	GlobalSection(SolutionConfigurationPlatforms) = preSolution
		Debug|Any CPU = Debug|Any CPU
		Release|Any CPU = Release|Any CPU
	EndGlobalSection
	GlobalSection(ProjectConfigurationPlatforms) = postSolution
		{D7CFCD16-C61C-44A9-854D-F8EC8F12441F}.Debug|Any CPU.ActiveCfg = Debug|Any CPU
		{D7CFCD16-C61C-44A9-854D-F8EC8F12441F}.Debug|Any CPU.Build.0 = Debug|Any CPU
		{D7CFCD16-C61C-44A9-854D-F8EC8F12441F}.Release|Any CPU.ActiveCfg = Release|Any CPU
		{D7CFCD16-C61C-44A9-854D-F8EC8F12441F}.Release|Any CPU.Build.0 = Release|Any CPU
		{7AA422C3-FD79-4B5B-8616-0E485859F77D}.Debug|Any CPU.ActiveCfg = Debug|Any CPU
		{7AA422C3-FD79-4B5B-8616-0E485859F77D}.Debug|Any CPU.Build.0 = Debug|Any CPU
		{7AA422C3-FD79-4B5B-8616-0E485859F77D}.Release|Any CPU.ActiveCfg = Release|Any CPU
		{7AA422C3-FD79-4B5B-8616-0E485859F77D}.Release|Any CPU.Build.0 = Release|Any CPU
		{CC0BE4CA-49ED-46D6-B7DA-B993F1107738}.Debug|Any CPU.ActiveCfg = Debug|Any CPU
		{CC0BE4CA-49ED-46D6-B7DA-B993F1107738}.Debug|Any CPU.Build.0 = Debug|Any CPU
		{CC0BE4CA-49ED-46D6-B7DA-B993F1107738}.Release|Any CPU.ActiveCfg = Release|Any CPU
		{CC0BE4CA-49ED-46D6-B7DA-B993F1107738}.Release|Any CPU.Build.0 = Release|Any CPU
		{8C4F5A32-1262-4882-84AF-4BB377592746}.Debug|Any CPU.ActiveCfg = Debug|Any CPU
		{8C4F5A32-1262-4882-84AF-4BB377592746}.Debug|Any CPU.Build.0 = Debug|Any CPU
		{8C4F5A32-1262-4882-84AF-4BB377592746}.Release|Any CPU.ActiveCfg = Release|Any CPU
		{8C4F5A32-1262-4882-84AF-4BB377592746}.Release|Any CPU.Build.0 = Release|Any CPU
	EndGlobalSection
EndGlobal
